
Microsoft Visual Studio Solution File, Format Version 12.00
# Visual Studio Version 17
VisualStudioVersion = 17.5.33414.496
MinimumVisualStudioVersion = 10.0.40219.1
Project("{2150E333-8FDC-42A3-9474-1A3956D46DE8}") = "Core", "Core", "{AD003A9A-6AA6-4832-9A58-A4458F979078}"
EndProject
Project("{9A19103F-16F7-4668-BE54-9A1E7A4F7556}") = "ECommerce.Domain", "Core\ECommerce.Domain\ECommerce.Domain.csproj", "{BD11DFD3-D9AA-47F7-B1E8-BF1749114D15}"
EndProject
Project("{9A19103F-16F7-4668-BE54-9A1E7A4F7556}") = "ECommerce.Application", "Core\ECommerce.Application\ECommerce.Application.csproj", "{3790D837-1E7D-408C-A219-B1A7B57837F5}"
EndProject
Project("{2150E333-8FDC-42A3-9474-1A3956D46DE8}") = "Infrastructure", "Infrastructure", "{8A0D71A2-2522-4902-B343-C48207CBDB6D}"
EndProject
Project("{9A19103F-16F7-4668-BE54-9A1E7A4F7556}") = "ECommerce.Infrastructure", "Infrastructure\ECommerce.Infrastructure\ECommerce.Infrastructure.csproj", "{DC609D12-84BB-4353-95E4-DF387F4A7AF1}"
EndProject
Project("{9A19103F-16F7-4668-BE54-9A1E7A4F7556}") = "ECommerce.Persistence", "Infrastructure\ECommerce.Persistence\ECommerce.Persistence.csproj", "{D9AAB551-1667-45CA-BCAA-733B9059F4BF}"
EndProject
Project("{2150E333-8FDC-42A3-9474-1A3956D46DE8}") = "Presentation", "Presentation", "{AFE81EAD-86EE-4017-BE0A-9891B5B5655D}"
EndProject
Project("{9A19103F-16F7-4668-BE54-9A1E7A4F7556}") = "ECommerce.API", "Presentation\ECommerce.API\ECommerce.API.csproj", "{69ABB815-BA31-4DE9-AC0A-A544F0A93BEF}"
EndProject
Project("{FAE04EC0-301F-11D3-BF4B-00C04F79EFBC}") = "ECommerce.Socket", "Infrastructure\ECommerce.Socket\ECommerce.Socket.csproj", "{1254637A-A728-461C-A361-970BFED9DF38}"
EndProject
Global
	GlobalSection(SolutionConfigurationPlatforms) = preSolution
		Debug|Any CPU = Debug|Any CPU
		Release|Any CPU = Release|Any CPU
	EndGlobalSection
	GlobalSection(ProjectConfigurationPlatforms) = postSolution
		{BD11DFD3-D9AA-47F7-B1E8-BF1749114D15}.Debug|Any CPU.ActiveCfg = Debug|Any CPU
		{BD11DFD3-D9AA-47F7-B1E8-BF1749114D15}.Debug|Any CPU.Build.0 = Debug|Any CPU
		{BD11DFD3-D9AA-47F7-B1E8-BF1749114D15}.Release|Any CPU.ActiveCfg = Release|Any CPU
		{BD11DFD3-D9AA-47F7-B1E8-BF1749114D15}.Release|Any CPU.Build.0 = Release|Any CPU
		{3790D837-1E7D-408C-A219-B1A7B57837F5}.Debug|Any CPU.ActiveCfg = Debug|Any CPU
		{3790D837-1E7D-408C-A219-B1A7B57837F5}.Debug|Any CPU.Build.0 = Debug|Any CPU
		{3790D837-1E7D-408C-A219-B1A7B57837F5}.Release|Any CPU.ActiveCfg = Release|Any CPU
		{3790D837-1E7D-408C-A219-B1A7B57837F5}.Release|Any CPU.Build.0 = Release|Any CPU
		{DC609D12-84BB-4353-95E4-DF387F4A7AF1}.Debug|Any CPU.ActiveCfg = Debug|Any CPU
		{DC609D12-84BB-4353-95E4-DF387F4A7AF1}.Debug|Any CPU.Build.0 = Debug|Any CPU
		{DC609D12-84BB-4353-95E4-DF387F4A7AF1}.Release|Any CPU.ActiveCfg = Release|Any CPU
		{DC609D12-84BB-4353-95E4-DF387F4A7AF1}.Release|Any CPU.Build.0 = Release|Any CPU
		{D9AAB551-1667-45CA-BCAA-733B9059F4BF}.Debug|Any CPU.ActiveCfg = Debug|Any CPU
		{D9AAB551-1667-45CA-BCAA-733B9059F4BF}.Debug|Any CPU.Build.0 = Debug|Any CPU
		{D9AAB551-1667-45CA-BCAA-733B9059F4BF}.Release|Any CPU.ActiveCfg = Release|Any CPU
		{D9AAB551-1667-45CA-BCAA-733B9059F4BF}.Release|Any CPU.Build.0 = Release|Any CPU
		{69ABB815-BA31-4DE9-AC0A-A544F0A93BEF}.Debug|Any CPU.ActiveCfg = Debug|Any CPU
		{69ABB815-BA31-4DE9-AC0A-A544F0A93BEF}.Debug|Any CPU.Build.0 = Debug|Any CPU
		{69ABB815-BA31-4DE9-AC0A-A544F0A93BEF}.Release|Any CPU.ActiveCfg = Release|Any CPU
		{69ABB815-BA31-4DE9-AC0A-A544F0A93BEF}.Release|Any CPU.Build.0 = Release|Any CPU
		{1254637A-A728-461C-A361-970BFED9DF38}.Debug|Any CPU.ActiveCfg = Debug|Any CPU
		{1254637A-A728-461C-A361-970BFED9DF38}.Debug|Any CPU.Build.0 = Debug|Any CPU
		{1254637A-A728-461C-A361-970BFED9DF38}.Release|Any CPU.ActiveCfg = Release|Any CPU
		{1254637A-A728-461C-A361-970BFED9DF38}.Release|Any CPU.Build.0 = Release|Any CPU
	EndGlobalSection
	GlobalSection(SolutionProperties) = preSolution
		HideSolutionNode = FALSE
	EndGlobalSection
	GlobalSection(NestedProjects) = preSolution
		{BD11DFD3-D9AA-47F7-B1E8-BF1749114D15} = {AD003A9A-6AA6-4832-9A58-A4458F979078}
		{3790D837-1E7D-408C-A219-B1A7B57837F5} = {AD003A9A-6AA6-4832-9A58-A4458F979078}
		{DC609D12-84BB-4353-95E4-DF387F4A7AF1} = {8A0D71A2-2522-4902-B343-C48207CBDB6D}
		{D9AAB551-1667-45CA-BCAA-733B9059F4BF} = {8A0D71A2-2522-4902-B343-C48207CBDB6D}
		{69ABB815-BA31-4DE9-AC0A-A544F0A93BEF} = {AFE81EAD-86EE-4017-BE0A-9891B5B5655D}
		{1254637A-A728-461C-A361-970BFED9DF38} = {8A0D71A2-2522-4902-B343-C48207CBDB6D}
	EndGlobalSection
	GlobalSection(ExtensibilityGlobals) = postSolution
		SolutionGuid = {93AD8397-04CB-405A-B343-85925AD81869}
	EndGlobalSection
EndGlobal
